
Microsoft Visual Studio Solution File, Format Version 12.00
Project("{FAE04EC0-301F-11D3-BF4B-00C04F79EFBC}") = "AoC2020_01", "AoC2020_01\AoC2020_01.csproj", "{2A10BC43-733F-4308-94EA-8B792EB291DC}"
EndProject
Project("{FAE04EC0-301F-11D3-BF4B-00C04F79EFBC}") = "AoC2020_02", "AoC2020_02\AoC2020_02.csproj", "{98E73952-A83B-45E5-B8E1-427119CAA18D}"
EndProject
Project("{FAE04EC0-301F-11D3-BF4B-00C04F79EFBC}") = "AoC2020_03", "AoC2020_03\AoC2020_03.csproj", "{4415FCF5-17C8-495F-87E3-5E40CB5AE862}"
EndProject
Project("{FAE04EC0-301F-11D3-BF4B-00C04F79EFBC}") = "AoC2020_04", "AoC2020_04\AoC2020_04.csproj", "{8081FF31-5C19-4905-8C75-C22BCFE8C6FF}"
EndProject
Project("{FAE04EC0-301F-11D3-BF4B-00C04F79EFBC}") = "AoC2020_05", "AoC2020_05\AoC2020_05.csproj", "{749921CB-9ACF-469A-A391-2CE290617B1B}"
EndProject
Project("{FAE04EC0-301F-11D3-BF4B-00C04F79EFBC}") = "AoC2020_06", "AoC2020_06\AoC2020_06.csproj", "{3B068DD2-3702-4203-960B-74220F369A4E}"
EndProject
Project("{FAE04EC0-301F-11D3-BF4B-00C04F79EFBC}") = "AoC2020_07", "AoC2020_07\AoC2020_07.csproj", "{97B33FB7-9A53-478E-B291-6ADE83FE6C5B}"
EndProject
Project("{FAE04EC0-301F-11D3-BF4B-00C04F79EFBC}") = "AoC2020_08", "AoC2020_08\AoC2020_08.csproj", "{024B544E-BD31-423E-82E2-717C1D5AA211}"
EndProject
Project("{FAE04EC0-301F-11D3-BF4B-00C04F79EFBC}") = "AoC2020_09", "AoC2020_09\AoC2020_09.csproj", "{EF25BBC9-4084-41A9-8EE1-0C3B768F94FE}"
EndProject
Project("{FAE04EC0-301F-11D3-BF4B-00C04F79EFBC}") = "AoC2020_10", "AoC2020_10\AoC2020_10.csproj", "{0D74BABE-A6E9-46CA-B369-5E737CA9B1D4}"
EndProject
Project("{FAE04EC0-301F-11D3-BF4B-00C04F79EFBC}") = "AoC2020_11", "AoC2020_11\AoC2020_11.csproj", "{E2922744-269D-4709-B1CD-046F21C7CC8E}"
EndProject
Project("{FAE04EC0-301F-11D3-BF4B-00C04F79EFBC}") = "AoC2020_12", "AoC2020_12\AoC2020_12.csproj", "{1DF72301-3174-46D3-A053-0BE82DB290CF}"
EndProject
Project("{FAE04EC0-301F-11D3-BF4B-00C04F79EFBC}") = "AoC2020_13", "AoC2020_13\AoC2020_13.csproj", "{AABD9018-981A-4AAB-B06B-BDA66D43E27A}"
EndProject
Global
	GlobalSection(SolutionConfigurationPlatforms) = preSolution
		Debug|Any CPU = Debug|Any CPU
		Release|Any CPU = Release|Any CPU
	EndGlobalSection
	GlobalSection(ProjectConfigurationPlatforms) = postSolution
		{2A10BC43-733F-4308-94EA-8B792EB291DC}.Debug|Any CPU.ActiveCfg = Debug|Any CPU
		{2A10BC43-733F-4308-94EA-8B792EB291DC}.Debug|Any CPU.Build.0 = Debug|Any CPU
		{2A10BC43-733F-4308-94EA-8B792EB291DC}.Release|Any CPU.ActiveCfg = Release|Any CPU
		{2A10BC43-733F-4308-94EA-8B792EB291DC}.Release|Any CPU.Build.0 = Release|Any CPU
		{98E73952-A83B-45E5-B8E1-427119CAA18D}.Debug|Any CPU.ActiveCfg = Debug|Any CPU
		{98E73952-A83B-45E5-B8E1-427119CAA18D}.Debug|Any CPU.Build.0 = Debug|Any CPU
		{98E73952-A83B-45E5-B8E1-427119CAA18D}.Release|Any CPU.ActiveCfg = Release|Any CPU
		{98E73952-A83B-45E5-B8E1-427119CAA18D}.Release|Any CPU.Build.0 = Release|Any CPU
		{4415FCF5-17C8-495F-87E3-5E40CB5AE862}.Debug|Any CPU.ActiveCfg = Debug|Any CPU
		{4415FCF5-17C8-495F-87E3-5E40CB5AE862}.Debug|Any CPU.Build.0 = Debug|Any CPU
		{4415FCF5-17C8-495F-87E3-5E40CB5AE862}.Release|Any CPU.ActiveCfg = Release|Any CPU
		{4415FCF5-17C8-495F-87E3-5E40CB5AE862}.Release|Any CPU.Build.0 = Release|Any CPU
		{8081FF31-5C19-4905-8C75-C22BCFE8C6FF}.Debug|Any CPU.ActiveCfg = Debug|Any CPU
		{8081FF31-5C19-4905-8C75-C22BCFE8C6FF}.Debug|Any CPU.Build.0 = Debug|Any CPU
		{8081FF31-5C19-4905-8C75-C22BCFE8C6FF}.Release|Any CPU.ActiveCfg = Release|Any CPU
		{8081FF31-5C19-4905-8C75-C22BCFE8C6FF}.Release|Any CPU.Build.0 = Release|Any CPU
		{749921CB-9ACF-469A-A391-2CE290617B1B}.Debug|Any CPU.ActiveCfg = Debug|Any CPU
		{749921CB-9ACF-469A-A391-2CE290617B1B}.Debug|Any CPU.Build.0 = Debug|Any CPU
		{749921CB-9ACF-469A-A391-2CE290617B1B}.Release|Any CPU.ActiveCfg = Release|Any CPU
		{749921CB-9ACF-469A-A391-2CE290617B1B}.Release|Any CPU.Build.0 = Release|Any CPU
		{3B068DD2-3702-4203-960B-74220F369A4E}.Debug|Any CPU.ActiveCfg = Debug|Any CPU
		{3B068DD2-3702-4203-960B-74220F369A4E}.Debug|Any CPU.Build.0 = Debug|Any CPU
		{3B068DD2-3702-4203-960B-74220F369A4E}.Release|Any CPU.ActiveCfg = Release|Any CPU
		{3B068DD2-3702-4203-960B-74220F369A4E}.Release|Any CPU.Build.0 = Release|Any CPU
		{97B33FB7-9A53-478E-B291-6ADE83FE6C5B}.Debug|Any CPU.ActiveCfg = Debug|Any CPU
		{97B33FB7-9A53-478E-B291-6ADE83FE6C5B}.Debug|Any CPU.Build.0 = Debug|Any CPU
		{97B33FB7-9A53-478E-B291-6ADE83FE6C5B}.Release|Any CPU.ActiveCfg = Release|Any CPU
		{97B33FB7-9A53-478E-B291-6ADE83FE6C5B}.Release|Any CPU.Build.0 = Release|Any CPU
		{024B544E-BD31-423E-82E2-717C1D5AA211}.Debug|Any CPU.ActiveCfg = Debug|Any CPU
		{024B544E-BD31-423E-82E2-717C1D5AA211}.Debug|Any CPU.Build.0 = Debug|Any CPU
		{024B544E-BD31-423E-82E2-717C1D5AA211}.Release|Any CPU.ActiveCfg = Release|Any CPU
		{024B544E-BD31-423E-82E2-717C1D5AA211}.Release|Any CPU.Build.0 = Release|Any CPU
		{EF25BBC9-4084-41A9-8EE1-0C3B768F94FE}.Debug|Any CPU.ActiveCfg = Debug|Any CPU
		{EF25BBC9-4084-41A9-8EE1-0C3B768F94FE}.Debug|Any CPU.Build.0 = Debug|Any CPU
		{EF25BBC9-4084-41A9-8EE1-0C3B768F94FE}.Release|Any CPU.ActiveCfg = Release|Any CPU
		{EF25BBC9-4084-41A9-8EE1-0C3B768F94FE}.Release|Any CPU.Build.0 = Release|Any CPU
		{0D74BABE-A6E9-46CA-B369-5E737CA9B1D4}.Debug|Any CPU.ActiveCfg = Debug|Any CPU
		{0D74BABE-A6E9-46CA-B369-5E737CA9B1D4}.Debug|Any CPU.Build.0 = Debug|Any CPU
		{0D74BABE-A6E9-46CA-B369-5E737CA9B1D4}.Release|Any CPU.ActiveCfg = Release|Any CPU
		{0D74BABE-A6E9-46CA-B369-5E737CA9B1D4}.Release|Any CPU.Build.0 = Release|Any CPU
		{E2922744-269D-4709-B1CD-046F21C7CC8E}.Debug|Any CPU.ActiveCfg = Debug|Any CPU
		{E2922744-269D-4709-B1CD-046F21C7CC8E}.Debug|Any CPU.Build.0 = Debug|Any CPU
		{E2922744-269D-4709-B1CD-046F21C7CC8E}.Release|Any CPU.ActiveCfg = Release|Any CPU
		{E2922744-269D-4709-B1CD-046F21C7CC8E}.Release|Any CPU.Build.0 = Release|Any CPU
		{1DF72301-3174-46D3-A053-0BE82DB290CF}.Debug|Any CPU.ActiveCfg = Debug|Any CPU
		{1DF72301-3174-46D3-A053-0BE82DB290CF}.Debug|Any CPU.Build.0 = Debug|Any CPU
		{1DF72301-3174-46D3-A053-0BE82DB290CF}.Release|Any CPU.ActiveCfg = Release|Any CPU
		{1DF72301-3174-46D3-A053-0BE82DB290CF}.Release|Any CPU.Build.0 = Release|Any CPU
		{AABD9018-981A-4AAB-B06B-BDA66D43E27A}.Debug|Any CPU.ActiveCfg = Debug|Any CPU
		{AABD9018-981A-4AAB-B06B-BDA66D43E27A}.Debug|Any CPU.Build.0 = Debug|Any CPU
		{AABD9018-981A-4AAB-B06B-BDA66D43E27A}.Release|Any CPU.ActiveCfg = Release|Any CPU
		{AABD9018-981A-4AAB-B06B-BDA66D43E27A}.Release|Any CPU.Build.0 = Release|Any CPU
	EndGlobalSection
EndGlobal
